{
	"name": "@mars-cli-dev/utils",
	"version": "1.0.3",
	"lockfileVersion": 1,
	"requires": true,
	"dependencies": {
		"mars-test-lib": {
			"version": "1.0.3",
			"resolved": "https://registry.npmjs.org/mars-test-lib/-/mars-test-lib-1.0.3.tgz",
			"integrity": "sha512-Wn04XtPQq7MVo9DN2S7k3voqoWCYADSjuQgXJWC9Gj1ROLrmhjeJrCcmlqNCLUa2f+SEjwgE+JNLKKoJzv0UJQ==",
			"requires": {
				"mars-test-lib": "^1.0.1"
			}
		}
	}
}
